
Microsoft Visual Studio Solution File, Format Version 12.00
# Visual Studio 14
VisualStudioVersion = 14.0.23107.0
MinimumVisualStudioVersion = 10.0.40219.1
Project("{FAE04EC0-301F-11D3-BF4B-00C04F79EFBC}") = "cerkes_haber", "cerkes_haber\cerkes_haber\cerkes_haber.csproj", "{48D263D1-4C07-43F1-AF5F-5A56B270E164}"
EndProject
Project("{FAE04EC0-301F-11D3-BF4B-00C04F79EFBC}") = "cerkes_haber.iOS", "cerkes_haber\cerkes_haber.iOS\cerkes_haber.iOS.csproj", "{648AAB5A-63D2-4864-B9EE-284A9CA2270C}"
EndProject
Project("{FAE04EC0-301F-11D3-BF4B-00C04F79EFBC}") = "cerkes_haber.Droid", "cerkes_haber\cerkes_haber.Droid\cerkes_haber.Droid.csproj", "{EEDEA59C-BE3B-4E5D-96D0-1BD7E803B4A5}"
EndProject
Project("{FAE04EC0-301F-11D3-BF4B-00C04F79EFBC}") = "cerkes_haber.WinPhone", "cerkes_haber\cerkes_haber.WinPhone\cerkes_haber.WinPhone.csproj", "{11124187-3D82-40FB-B590-BB5156E6ED67}"
EndProject
Project("{00D1A9C2-B5F0-4AF3-8072-F6C62B433612}") = "cerkesHaberDB", "cerkesHaberDB\cerkesHaberDB.sqlproj", "{26422BB0-098A-42FA-9585-7499CE7567DF}"
EndProject
Global
	GlobalSection(SolutionConfigurationPlatforms) = preSolution
		Ad-Hoc|Any CPU = Ad-Hoc|Any CPU
		Ad-Hoc|ARM = Ad-Hoc|ARM
		Ad-Hoc|iPhone = Ad-Hoc|iPhone
		Ad-Hoc|iPhoneSimulator = Ad-Hoc|iPhoneSimulator
		Ad-Hoc|x86 = Ad-Hoc|x86
		AppStore|Any CPU = AppStore|Any CPU
		AppStore|ARM = AppStore|ARM
		AppStore|iPhone = AppStore|iPhone
		AppStore|iPhoneSimulator = AppStore|iPhoneSimulator
		AppStore|x86 = AppStore|x86
		Debug|Any CPU = Debug|Any CPU
		Debug|ARM = Debug|ARM
		Debug|iPhone = Debug|iPhone
		Debug|iPhoneSimulator = Debug|iPhoneSimulator
		Debug|x86 = Debug|x86
		Release|Any CPU = Release|Any CPU
		Release|ARM = Release|ARM
		Release|iPhone = Release|iPhone
		Release|iPhoneSimulator = Release|iPhoneSimulator
		Release|x86 = Release|x86
	EndGlobalSection
	GlobalSection(ProjectConfigurationPlatforms) = postSolution
		{48D263D1-4C07-43F1-AF5F-5A56B270E164}.Ad-Hoc|Any CPU.ActiveCfg = Release|Any CPU
		{48D263D1-4C07-43F1-AF5F-5A56B270E164}.Ad-Hoc|Any CPU.Build.0 = Release|Any CPU
		{48D263D1-4C07-43F1-AF5F-5A56B270E164}.Ad-Hoc|ARM.ActiveCfg = Release|Any CPU
		{48D263D1-4C07-43F1-AF5F-5A56B270E164}.Ad-Hoc|ARM.Build.0 = Release|Any CPU
		{48D263D1-4C07-43F1-AF5F-5A56B270E164}.Ad-Hoc|iPhone.ActiveCfg = Release|Any CPU
		{48D263D1-4C07-43F1-AF5F-5A56B270E164}.Ad-Hoc|iPhone.Build.0 = Release|Any CPU
		{48D263D1-4C07-43F1-AF5F-5A56B270E164}.Ad-Hoc|iPhoneSimulator.ActiveCfg = Release|Any CPU
		{48D263D1-4C07-43F1-AF5F-5A56B270E164}.Ad-Hoc|iPhoneSimulator.Build.0 = Release|Any CPU
		{48D263D1-4C07-43F1-AF5F-5A56B270E164}.Ad-Hoc|x86.ActiveCfg = Release|Any CPU
		{48D263D1-4C07-43F1-AF5F-5A56B270E164}.Ad-Hoc|x86.Build.0 = Release|Any CPU
		{48D263D1-4C07-43F1-AF5F-5A56B270E164}.AppStore|Any CPU.ActiveCfg = Release|Any CPU
		{48D263D1-4C07-43F1-AF5F-5A56B270E164}.AppStore|Any CPU.Build.0 = Release|Any CPU
		{48D263D1-4C07-43F1-AF5F-5A56B270E164}.AppStore|ARM.ActiveCfg = Release|Any CPU
		{48D263D1-4C07-43F1-AF5F-5A56B270E164}.AppStore|ARM.Build.0 = Release|Any CPU
		{48D263D1-4C07-43F1-AF5F-5A56B270E164}.AppStore|iPhone.ActiveCfg = Release|Any CPU
		{48D263D1-4C07-43F1-AF5F-5A56B270E164}.AppStore|iPhone.Build.0 = Release|Any CPU
		{48D263D1-4C07-43F1-AF5F-5A56B270E164}.AppStore|iPhoneSimulator.ActiveCfg = Release|Any CPU
		{48D263D1-4C07-43F1-AF5F-5A56B270E164}.AppStore|iPhoneSimulator.Build.0 = Release|Any CPU
		{48D263D1-4C07-43F1-AF5F-5A56B270E164}.AppStore|x86.ActiveCfg = Release|Any CPU
		{48D263D1-4C07-43F1-AF5F-5A56B270E164}.AppStore|x86.Build.0 = Release|Any CPU
		{48D263D1-4C07-43F1-AF5F-5A56B270E164}.Debug|Any CPU.ActiveCfg = Debug|Any CPU
		{48D263D1-4C07-43F1-AF5F-5A56B270E164}.Debug|Any CPU.Build.0 = Debug|Any CPU
		{48D263D1-4C07-43F1-AF5F-5A56B270E164}.Debug|ARM.ActiveCfg = Debug|Any CPU
		{48D263D1-4C07-43F1-AF5F-5A56B270E164}.Debug|ARM.Build.0 = Debug|Any CPU
		{48D263D1-4C07-43F1-AF5F-5A56B270E164}.Debug|iPhone.ActiveCfg = Debug|Any CPU
		{48D263D1-4C07-43F1-AF5F-5A56B270E164}.Debug|iPhone.Build.0 = Debug|Any CPU
		{48D263D1-4C07-43F1-AF5F-5A56B270E164}.Debug|iPhoneSimulator.ActiveCfg = Debug|Any CPU
		{48D263D1-4C07-43F1-AF5F-5A56B270E164}.Debug|iPhoneSimulator.Build.0 = Debug|Any CPU
		{48D263D1-4C07-43F1-AF5F-5A56B270E164}.Debug|x86.ActiveCfg = Debug|Any CPU
		{48D263D1-4C07-43F1-AF5F-5A56B270E164}.Debug|x86.Build.0 = Debug|Any CPU
		{48D263D1-4C07-43F1-AF5F-5A56B270E164}.Release|Any CPU.ActiveCfg = Release|Any CPU
		{48D263D1-4C07-43F1-AF5F-5A56B270E164}.Release|Any CPU.Build.0 = Release|Any CPU
		{48D263D1-4C07-43F1-AF5F-5A56B270E164}.Release|ARM.ActiveCfg = Release|Any CPU
		{48D263D1-4C07-43F1-AF5F-5A56B270E164}.Release|ARM.Build.0 = Release|Any CPU
		{48D263D1-4C07-43F1-AF5F-5A56B270E164}.Release|iPhone.ActiveCfg = Release|Any CPU
		{48D263D1-4C07-43F1-AF5F-5A56B270E164}.Release|iPhone.Build.0 = Release|Any CPU
		{48D263D1-4C07-43F1-AF5F-5A56B270E164}.Release|iPhoneSimulator.ActiveCfg = Release|Any CPU
		{48D263D1-4C07-43F1-AF5F-5A56B270E164}.Release|iPhoneSimulator.Build.0 = Release|Any CPU
		{48D263D1-4C07-43F1-AF5F-5A56B270E164}.Release|x86.ActiveCfg = Release|Any CPU
		{48D263D1-4C07-43F1-AF5F-5A56B270E164}.Release|x86.Build.0 = Release|Any CPU
		{648AAB5A-63D2-4864-B9EE-284A9CA2270C}.Ad-Hoc|Any CPU.ActiveCfg = Ad-Hoc|iPhone
		{648AAB5A-63D2-4864-B9EE-284A9CA2270C}.Ad-Hoc|ARM.ActiveCfg = Ad-Hoc|iPhone
		{648AAB5A-63D2-4864-B9EE-284A9CA2270C}.Ad-Hoc|iPhone.ActiveCfg = Ad-Hoc|iPhone
		{648AAB5A-63D2-4864-B9EE-284A9CA2270C}.Ad-Hoc|iPhone.Build.0 = Ad-Hoc|iPhone
		{648AAB5A-63D2-4864-B9EE-284A9CA2270C}.Ad-Hoc|iPhoneSimulator.ActiveCfg = Ad-Hoc|iPhoneSimulator
		{648AAB5A-63D2-4864-B9EE-284A9CA2270C}.Ad-Hoc|iPhoneSimulator.Build.0 = Ad-Hoc|iPhoneSimulator
		{648AAB5A-63D2-4864-B9EE-284A9CA2270C}.Ad-Hoc|x86.ActiveCfg = Ad-Hoc|iPhone
		{648AAB5A-63D2-4864-B9EE-284A9CA2270C}.AppStore|Any CPU.ActiveCfg = AppStore|iPhone
		{648AAB5A-63D2-4864-B9EE-284A9CA2270C}.AppStore|ARM.ActiveCfg = AppStore|iPhone
		{648AAB5A-63D2-4864-B9EE-284A9CA2270C}.AppStore|iPhone.ActiveCfg = AppStore|iPhone
		{648AAB5A-63D2-4864-B9EE-284A9CA2270C}.AppStore|iPhone.Build.0 = AppStore|iPhone
		{648AAB5A-63D2-4864-B9EE-284A9CA2270C}.AppStore|iPhoneSimulator.ActiveCfg = AppStore|iPhoneSimulator
		{648AAB5A-63D2-4864-B9EE-284A9CA2270C}.AppStore|iPhoneSimulator.Build.0 = AppStore|iPhoneSimulator
		{648AAB5A-63D2-4864-B9EE-284A9CA2270C}.AppStore|x86.ActiveCfg = AppStore|iPhone
		{648AAB5A-63D2-4864-B9EE-284A9CA2270C}.Debug|Any CPU.ActiveCfg = Debug|iPhone
		{648AAB5A-63D2-4864-B9EE-284A9CA2270C}.Debug|ARM.ActiveCfg = Debug|iPhone
		{648AAB5A-63D2-4864-B9EE-284A9CA2270C}.Debug|iPhone.ActiveCfg = Debug|iPhone
		{648AAB5A-63D2-4864-B9EE-284A9CA2270C}.Debug|iPhone.Build.0 = Debug|iPhone
		{648AAB5A-63D2-4864-B9EE-284A9CA2270C}.Debug|iPhoneSimulator.ActiveCfg = Debug|iPhoneSimulator
		{648AAB5A-63D2-4864-B9EE-284A9CA2270C}.Debug|iPhoneSimulator.Build.0 = Debug|iPhoneSimulator
		{648AAB5A-63D2-4864-B9EE-284A9CA2270C}.Debug|x86.ActiveCfg = Debug|iPhone
		{648AAB5A-63D2-4864-B9EE-284A9CA2270C}.Release|Any CPU.ActiveCfg = Release|iPhone
		{648AAB5A-63D2-4864-B9EE-284A9CA2270C}.Release|ARM.ActiveCfg = Release|iPhone
		{648AAB5A-63D2-4864-B9EE-284A9CA2270C}.Release|iPhone.ActiveCfg = Release|iPhone
		{648AAB5A-63D2-4864-B9EE-284A9CA2270C}.Release|iPhone.Build.0 = Release|iPhone
		{648AAB5A-63D2-4864-B9EE-284A9CA2270C}.Release|iPhoneSimulator.ActiveCfg = Release|iPhoneSimulator
		{648AAB5A-63D2-4864-B9EE-284A9CA2270C}.Release|iPhoneSimulator.Build.0 = Release|iPhoneSimulator
		{648AAB5A-63D2-4864-B9EE-284A9CA2270C}.Release|x86.ActiveCfg = Release|iPhone
		{EEDEA59C-BE3B-4E5D-96D0-1BD7E803B4A5}.Ad-Hoc|Any CPU.ActiveCfg = Release|Any CPU
		{EEDEA59C-BE3B-4E5D-96D0-1BD7E803B4A5}.Ad-Hoc|Any CPU.Build.0 = Release|Any CPU
		{EEDEA59C-BE3B-4E5D-96D0-1BD7E803B4A5}.Ad-Hoc|Any CPU.Deploy.0 = Release|Any CPU
		{EEDEA59C-BE3B-4E5D-96D0-1BD7E803B4A5}.Ad-Hoc|ARM.ActiveCfg = Release|Any CPU
		{EEDEA59C-BE3B-4E5D-96D0-1BD7E803B4A5}.Ad-Hoc|ARM.Build.0 = Release|Any CPU
		{EEDEA59C-BE3B-4E5D-96D0-1BD7E803B4A5}.Ad-Hoc|ARM.Deploy.0 = Release|Any CPU
		{EEDEA59C-BE3B-4E5D-96D0-1BD7E803B4A5}.Ad-Hoc|iPhone.ActiveCfg = Release|Any CPU
		{EEDEA59C-BE3B-4E5D-96D0-1BD7E803B4A5}.Ad-Hoc|iPhone.Build.0 = Release|Any CPU
		{EEDEA59C-BE3B-4E5D-96D0-1BD7E803B4A5}.Ad-Hoc|iPhone.Deploy.0 = Release|Any CPU
		{EEDEA59C-BE3B-4E5D-96D0-1BD7E803B4A5}.Ad-Hoc|iPhoneSimulator.ActiveCfg = Release|Any CPU
		{EEDEA59C-BE3B-4E5D-96D0-1BD7E803B4A5}.Ad-Hoc|iPhoneSimulator.Build.0 = Release|Any CPU
		{EEDEA59C-BE3B-4E5D-96D0-1BD7E803B4A5}.Ad-Hoc|iPhoneSimulator.Deploy.0 = Release|Any CPU
		{EEDEA59C-BE3B-4E5D-96D0-1BD7E803B4A5}.Ad-Hoc|x86.ActiveCfg = Release|Any CPU
		{EEDEA59C-BE3B-4E5D-96D0-1BD7E803B4A5}.Ad-Hoc|x86.Build.0 = Release|Any CPU
		{EEDEA59C-BE3B-4E5D-96D0-1BD7E803B4A5}.Ad-Hoc|x86.Deploy.0 = Release|Any CPU
		{EEDEA59C-BE3B-4E5D-96D0-1BD7E803B4A5}.AppStore|Any CPU.ActiveCfg = Release|Any CPU
		{EEDEA59C-BE3B-4E5D-96D0-1BD7E803B4A5}.AppStore|Any CPU.Build.0 = Release|Any CPU
		{EEDEA59C-BE3B-4E5D-96D0-1BD7E803B4A5}.AppStore|Any CPU.Deploy.0 = Release|Any CPU
		{EEDEA59C-BE3B-4E5D-96D0-1BD7E803B4A5}.AppStore|ARM.ActiveCfg = Release|Any CPU
		{EEDEA59C-BE3B-4E5D-96D0-1BD7E803B4A5}.AppStore|ARM.Build.0 = Release|Any CPU
		{EEDEA59C-BE3B-4E5D-96D0-1BD7E803B4A5}.AppStore|ARM.Deploy.0 = Release|Any CPU
		{EEDEA59C-BE3B-4E5D-96D0-1BD7E803B4A5}.AppStore|iPhone.ActiveCfg = Release|Any CPU
		{EEDEA59C-BE3B-4E5D-96D0-1BD7E803B4A5}.AppStore|iPhone.Build.0 = Release|Any CPU
		{EEDEA59C-BE3B-4E5D-96D0-1BD7E803B4A5}.AppStore|iPhone.Deploy.0 = Release|Any CPU
		{EEDEA59C-BE3B-4E5D-96D0-1BD7E803B4A5}.AppStore|iPhoneSimulator.ActiveCfg = Release|Any CPU
		{EEDEA59C-BE3B-4E5D-96D0-1BD7E803B4A5}.AppStore|iPhoneSimulator.Build.0 = Release|Any CPU
		{EEDEA59C-BE3B-4E5D-96D0-1BD7E803B4A5}.AppStore|iPhoneSimulator.Deploy.0 = Release|Any CPU
		{EEDEA59C-BE3B-4E5D-96D0-1BD7E803B4A5}.AppStore|x86.ActiveCfg = Release|Any CPU
		{EEDEA59C-BE3B-4E5D-96D0-1BD7E803B4A5}.AppStore|x86.Build.0 = Release|Any CPU
		{EEDEA59C-BE3B-4E5D-96D0-1BD7E803B4A5}.AppStore|x86.Deploy.0 = Release|Any CPU
		{EEDEA59C-BE3B-4E5D-96D0-1BD7E803B4A5}.Debug|Any CPU.ActiveCfg = Debug|Any CPU
		{EEDEA59C-BE3B-4E5D-96D0-1BD7E803B4A5}.Debug|Any CPU.Build.0 = Debug|Any CPU
		{EEDEA59C-BE3B-4E5D-96D0-1BD7E803B4A5}.Debug|Any CPU.Deploy.0 = Debug|Any CPU
		{EEDEA59C-BE3B-4E5D-96D0-1BD7E803B4A5}.Debug|ARM.ActiveCfg = Debug|Any CPU
		{EEDEA59C-BE3B-4E5D-96D0-1BD7E803B4A5}.Debug|ARM.Build.0 = Debug|Any CPU
		{EEDEA59C-BE3B-4E5D-96D0-1BD7E803B4A5}.Debug|ARM.Deploy.0 = Debug|Any CPU
		{EEDEA59C-BE3B-4E5D-96D0-1BD7E803B4A5}.Debug|iPhone.ActiveCfg = Debug|Any CPU
		{EEDEA59C-BE3B-4E5D-96D0-1BD7E803B4A5}.Debug|iPhone.Build.0 = Debug|Any CPU
		{EEDEA59C-BE3B-4E5D-96D0-1BD7E803B4A5}.Debug|iPhone.Deploy.0 = Debug|Any CPU
		{EEDEA59C-BE3B-4E5D-96D0-1BD7E803B4A5}.Debug|iPhoneSimulator.ActiveCfg = Debug|Any CPU
		{EEDEA59C-BE3B-4E5D-96D0-1BD7E803B4A5}.Debug|iPhoneSimulator.Build.0 = Debug|Any CPU
		{EEDEA59C-BE3B-4E5D-96D0-1BD7E803B4A5}.Debug|iPhoneSimulator.Deploy.0 = Debug|Any CPU
		{EEDEA59C-BE3B-4E5D-96D0-1BD7E803B4A5}.Debug|x86.ActiveCfg = Debug|Any CPU
		{EEDEA59C-BE3B-4E5D-96D0-1BD7E803B4A5}.Debug|x86.Build.0 = Debug|Any CPU
		{EEDEA59C-BE3B-4E5D-96D0-1BD7E803B4A5}.Debug|x86.Deploy.0 = Debug|Any CPU
		{EEDEA59C-BE3B-4E5D-96D0-1BD7E803B4A5}.Release|Any CPU.ActiveCfg = Release|Any CPU
		{EEDEA59C-BE3B-4E5D-96D0-1BD7E803B4A5}.Release|Any CPU.Build.0 = Release|Any CPU
		{EEDEA59C-BE3B-4E5D-96D0-1BD7E803B4A5}.Release|Any CPU.Deploy.0 = Release|Any CPU
		{EEDEA59C-BE3B-4E5D-96D0-1BD7E803B4A5}.Release|ARM.ActiveCfg = Release|Any CPU
		{EEDEA59C-BE3B-4E5D-96D0-1BD7E803B4A5}.Release|ARM.Build.0 = Release|Any CPU
		{EEDEA59C-BE3B-4E5D-96D0-1BD7E803B4A5}.Release|ARM.Deploy.0 = Release|Any CPU
		{EEDEA59C-BE3B-4E5D-96D0-1BD7E803B4A5}.Release|iPhone.ActiveCfg = Release|Any CPU
		{EEDEA59C-BE3B-4E5D-96D0-1BD7E803B4A5}.Release|iPhone.Build.0 = Release|Any CPU
		{EEDEA59C-BE3B-4E5D-96D0-1BD7E803B4A5}.Release|iPhone.Deploy.0 = Release|Any CPU
		{EEDEA59C-BE3B-4E5D-96D0-1BD7E803B4A5}.Release|iPhoneSimulator.ActiveCfg = Release|Any CPU
		{EEDEA59C-BE3B-4E5D-96D0-1BD7E803B4A5}.Release|iPhoneSimulator.Build.0 = Release|Any CPU
		{EEDEA59C-BE3B-4E5D-96D0-1BD7E803B4A5}.Release|iPhoneSimulator.Deploy.0 = Release|Any CPU
		{EEDEA59C-BE3B-4E5D-96D0-1BD7E803B4A5}.Release|x86.ActiveCfg = Release|Any CPU
		{EEDEA59C-BE3B-4E5D-96D0-1BD7E803B4A5}.Release|x86.Build.0 = Release|Any CPU
		{EEDEA59C-BE3B-4E5D-96D0-1BD7E803B4A5}.Release|x86.Deploy.0 = Release|Any CPU
		{11124187-3D82-40FB-B590-BB5156E6ED67}.Ad-Hoc|Any CPU.ActiveCfg = Release|Any CPU
		{11124187-3D82-40FB-B590-BB5156E6ED67}.Ad-Hoc|Any CPU.Build.0 = Release|Any CPU
		{11124187-3D82-40FB-B590-BB5156E6ED67}.Ad-Hoc|Any CPU.Deploy.0 = Release|Any CPU
		{11124187-3D82-40FB-B590-BB5156E6ED67}.Ad-Hoc|ARM.ActiveCfg = Release|ARM
		{11124187-3D82-40FB-B590-BB5156E6ED67}.Ad-Hoc|ARM.Build.0 = Release|ARM
		{11124187-3D82-40FB-B590-BB5156E6ED67}.Ad-Hoc|ARM.Deploy.0 = Release|ARM
		{11124187-3D82-40FB-B590-BB5156E6ED67}.Ad-Hoc|iPhone.ActiveCfg = Release|Any CPU
		{11124187-3D82-40FB-B590-BB5156E6ED67}.Ad-Hoc|iPhone.Build.0 = Release|Any CPU
		{11124187-3D82-40FB-B590-BB5156E6ED67}.Ad-Hoc|iPhone.Deploy.0 = Release|Any CPU
		{11124187-3D82-40FB-B590-BB5156E6ED67}.Ad-Hoc|iPhoneSimulator.ActiveCfg = Release|Any CPU
		{11124187-3D82-40FB-B590-BB5156E6ED67}.Ad-Hoc|iPhoneSimulator.Build.0 = Release|Any CPU
		{11124187-3D82-40FB-B590-BB5156E6ED67}.Ad-Hoc|iPhoneSimulator.Deploy.0 = Release|Any CPU
		{11124187-3D82-40FB-B590-BB5156E6ED67}.Ad-Hoc|x86.ActiveCfg = Release|x86
		{11124187-3D82-40FB-B590-BB5156E6ED67}.Ad-Hoc|x86.Build.0 = Release|x86
		{11124187-3D82-40FB-B590-BB5156E6ED67}.Ad-Hoc|x86.Deploy.0 = Release|x86
		{11124187-3D82-40FB-B590-BB5156E6ED67}.AppStore|Any CPU.ActiveCfg = Release|Any CPU
		{11124187-3D82-40FB-B590-BB5156E6ED67}.AppStore|Any CPU.Build.0 = Release|Any CPU
		{11124187-3D82-40FB-B590-BB5156E6ED67}.AppStore|Any CPU.Deploy.0 = Release|Any CPU
		{11124187-3D82-40FB-B590-BB5156E6ED67}.AppStore|ARM.ActiveCfg = Release|ARM
		{11124187-3D82-40FB-B590-BB5156E6ED67}.AppStore|ARM.Build.0 = Release|ARM
		{11124187-3D82-40FB-B590-BB5156E6ED67}.AppStore|ARM.Deploy.0 = Release|ARM
		{11124187-3D82-40FB-B590-BB5156E6ED67}.AppStore|iPhone.ActiveCfg = Release|Any CPU
		{11124187-3D82-40FB-B590-BB5156E6ED67}.AppStore|iPhone.Build.0 = Release|Any CPU
		{11124187-3D82-40FB-B590-BB5156E6ED67}.AppStore|iPhone.Deploy.0 = Release|Any CPU
		{11124187-3D82-40FB-B590-BB5156E6ED67}.AppStore|iPhoneSimulator.ActiveCfg = Release|Any CPU
		{11124187-3D82-40FB-B590-BB5156E6ED67}.AppStore|iPhoneSimulator.Build.0 = Release|Any CPU
		{11124187-3D82-40FB-B590-BB5156E6ED67}.AppStore|iPhoneSimulator.Deploy.0 = Release|Any CPU
		{11124187-3D82-40FB-B590-BB5156E6ED67}.AppStore|x86.ActiveCfg = Release|x86
		{11124187-3D82-40FB-B590-BB5156E6ED67}.AppStore|x86.Build.0 = Release|x86
		{11124187-3D82-40FB-B590-BB5156E6ED67}.AppStore|x86.Deploy.0 = Release|x86
		{11124187-3D82-40FB-B590-BB5156E6ED67}.Debug|Any CPU.ActiveCfg = Debug|Any CPU
		{11124187-3D82-40FB-B590-BB5156E6ED67}.Debug|Any CPU.Build.0 = Debug|Any CPU
		{11124187-3D82-40FB-B590-BB5156E6ED67}.Debug|Any CPU.Deploy.0 = Debug|Any CPU
		{11124187-3D82-40FB-B590-BB5156E6ED67}.Debug|ARM.ActiveCfg = Debug|ARM
		{11124187-3D82-40FB-B590-BB5156E6ED67}.Debug|ARM.Build.0 = Debug|ARM
		{11124187-3D82-40FB-B590-BB5156E6ED67}.Debug|ARM.Deploy.0 = Debug|ARM
		{11124187-3D82-40FB-B590-BB5156E6ED67}.Debug|iPhone.ActiveCfg = Debug|Any CPU
		{11124187-3D82-40FB-B590-BB5156E6ED67}.Debug|iPhone.Build.0 = Debug|Any CPU
		{11124187-3D82-40FB-B590-BB5156E6ED67}.Debug|iPhone.Deploy.0 = Debug|Any CPU
		{11124187-3D82-40FB-B590-BB5156E6ED67}.Debug|iPhoneSimulator.ActiveCfg = Debug|Any CPU
		{11124187-3D82-40FB-B590-BB5156E6ED67}.Debug|iPhoneSimulator.Build.0 = Debug|Any CPU
		{11124187-3D82-40FB-B590-BB5156E6ED67}.Debug|iPhoneSimulator.Deploy.0 = Debug|Any CPU
		{11124187-3D82-40FB-B590-BB5156E6ED67}.Debug|x86.ActiveCfg = Debug|x86
		{11124187-3D82-40FB-B590-BB5156E6ED67}.Debug|x86.Build.0 = Debug|x86
		{11124187-3D82-40FB-B590-BB5156E6ED67}.Debug|x86.Deploy.0 = Debug|x86
		{11124187-3D82-40FB-B590-BB5156E6ED67}.Release|Any CPU.ActiveCfg = Release|Any CPU
		{11124187-3D82-40FB-B590-BB5156E6ED67}.Release|Any CPU.Build.0 = Release|Any CPU
		{11124187-3D82-40FB-B590-BB5156E6ED67}.Release|Any CPU.Deploy.0 = Release|Any CPU
		{11124187-3D82-40FB-B590-BB5156E6ED67}.Release|ARM.ActiveCfg = Release|ARM
		{11124187-3D82-40FB-B590-BB5156E6ED67}.Release|ARM.Build.0 = Release|ARM
		{11124187-3D82-40FB-B590-BB5156E6ED67}.Release|ARM.Deploy.0 = Release|ARM
		{11124187-3D82-40FB-B590-BB5156E6ED67}.Release|iPhone.ActiveCfg = Release|Any CPU
		{11124187-3D82-40FB-B590-BB5156E6ED67}.Release|iPhone.Build.0 = Release|Any CPU
		{11124187-3D82-40FB-B590-BB5156E6ED67}.Release|iPhone.Deploy.0 = Release|Any CPU
		{11124187-3D82-40FB-B590-BB5156E6ED67}.Release|iPhoneSimulator.ActiveCfg = Release|Any CPU
		{11124187-3D82-40FB-B590-BB5156E6ED67}.Release|iPhoneSimulator.Build.0 = Release|Any CPU
		{11124187-3D82-40FB-B590-BB5156E6ED67}.Release|iPhoneSimulator.Deploy.0 = Release|Any CPU
		{11124187-3D82-40FB-B590-BB5156E6ED67}.Release|x86.ActiveCfg = Release|x86
		{11124187-3D82-40FB-B590-BB5156E6ED67}.Release|x86.Build.0 = Release|x86
		{11124187-3D82-40FB-B590-BB5156E6ED67}.Release|x86.Deploy.0 = Release|x86
		{26422BB0-098A-42FA-9585-7499CE7567DF}.Ad-Hoc|Any CPU.ActiveCfg = Debug|Any CPU
		{26422BB0-098A-42FA-9585-7499CE7567DF}.Ad-Hoc|Any CPU.Build.0 = Debug|Any CPU
		{26422BB0-098A-42FA-9585-7499CE7567DF}.Ad-Hoc|Any CPU.Deploy.0 = Debug|Any CPU
		{26422BB0-098A-42FA-9585-7499CE7567DF}.Ad-Hoc|ARM.ActiveCfg = Debug|Any CPU
		{26422BB0-098A-42FA-9585-7499CE7567DF}.Ad-Hoc|ARM.Build.0 = Debug|Any CPU
		{26422BB0-098A-42FA-9585-7499CE7567DF}.Ad-Hoc|ARM.Deploy.0 = Debug|Any CPU
		{26422BB0-098A-42FA-9585-7499CE7567DF}.Ad-Hoc|iPhone.ActiveCfg = Debug|Any CPU
		{26422BB0-098A-42FA-9585-7499CE7567DF}.Ad-Hoc|iPhone.Build.0 = Debug|Any CPU
		{26422BB0-098A-42FA-9585-7499CE7567DF}.Ad-Hoc|iPhone.Deploy.0 = Debug|Any CPU
		{26422BB0-098A-42FA-9585-7499CE7567DF}.Ad-Hoc|iPhoneSimulator.ActiveCfg = Debug|Any CPU
		{26422BB0-098A-42FA-9585-7499CE7567DF}.Ad-Hoc|iPhoneSimulator.Build.0 = Debug|Any CPU
		{26422BB0-098A-42FA-9585-7499CE7567DF}.Ad-Hoc|iPhoneSimulator.Deploy.0 = Debug|Any CPU
		{26422BB0-098A-42FA-9585-7499CE7567DF}.Ad-Hoc|x86.ActiveCfg = Debug|Any CPU
		{26422BB0-098A-42FA-9585-7499CE7567DF}.Ad-Hoc|x86.Build.0 = Debug|Any CPU
		{26422BB0-098A-42FA-9585-7499CE7567DF}.Ad-Hoc|x86.Deploy.0 = Debug|Any CPU
		{26422BB0-098A-42FA-9585-7499CE7567DF}.AppStore|Any CPU.ActiveCfg = Debug|Any CPU
		{26422BB0-098A-42FA-9585-7499CE7567DF}.AppStore|Any CPU.Build.0 = Debug|Any CPU
		{26422BB0-098A-42FA-9585-7499CE7567DF}.AppStore|Any CPU.Deploy.0 = Debug|Any CPU
		{26422BB0-098A-42FA-9585-7499CE7567DF}.AppStore|ARM.ActiveCfg = Debug|Any CPU
		{26422BB0-098A-42FA-9585-7499CE7567DF}.AppStore|ARM.Build.0 = Debug|Any CPU
		{26422BB0-098A-42FA-9585-7499CE7567DF}.AppStore|ARM.Deploy.0 = Debug|Any CPU
		{26422BB0-098A-42FA-9585-7499CE7567DF}.AppStore|iPhone.ActiveCfg = Debug|Any CPU
		{26422BB0-098A-42FA-9585-7499CE7567DF}.AppStore|iPhone.Build.0 = Debug|Any CPU
		{26422BB0-098A-42FA-9585-7499CE7567DF}.AppStore|iPhone.Deploy.0 = Debug|Any CPU
		{26422BB0-098A-42FA-9585-7499CE7567DF}.AppStore|iPhoneSimulator.ActiveCfg = Debug|Any CPU
		{26422BB0-098A-42FA-9585-7499CE7567DF}.AppStore|iPhoneSimulator.Build.0 = Debug|Any CPU
		{26422BB0-098A-42FA-9585-7499CE7567DF}.AppStore|iPhoneSimulator.Deploy.0 = Debug|Any CPU
		{26422BB0-098A-42FA-9585-7499CE7567DF}.AppStore|x86.ActiveCfg = Debug|Any CPU
		{26422BB0-098A-42FA-9585-7499CE7567DF}.AppStore|x86.Build.0 = Debug|Any CPU
		{26422BB0-098A-42FA-9585-7499CE7567DF}.AppStore|x86.Deploy.0 = Debug|Any CPU
		{26422BB0-098A-42FA-9585-7499CE7567DF}.Debug|Any CPU.ActiveCfg = Debug|Any CPU
		{26422BB0-098A-42FA-9585-7499CE7567DF}.Debug|Any CPU.Build.0 = Debug|Any CPU
		{26422BB0-098A-42FA-9585-7499CE7567DF}.Debug|Any CPU.Deploy.0 = Debug|Any CPU
		{26422BB0-098A-42FA-9585-7499CE7567DF}.Debug|ARM.ActiveCfg = Debug|Any CPU
		{26422BB0-098A-42FA-9585-7499CE7567DF}.Debug|ARM.Build.0 = Debug|Any CPU
		{26422BB0-098A-42FA-9585-7499CE7567DF}.Debug|ARM.Deploy.0 = Debug|Any CPU
		{26422BB0-098A-42FA-9585-7499CE7567DF}.Debug|iPhone.ActiveCfg = Debug|Any CPU
		{26422BB0-098A-42FA-9585-7499CE7567DF}.Debug|iPhone.Build.0 = Debug|Any CPU
		{26422BB0-098A-42FA-9585-7499CE7567DF}.Debug|iPhone.Deploy.0 = Debug|Any CPU
		{26422BB0-098A-42FA-9585-7499CE7567DF}.Debug|iPhoneSimulator.ActiveCfg = Debug|Any CPU
		{26422BB0-098A-42FA-9585-7499CE7567DF}.Debug|iPhoneSimulator.Build.0 = Debug|Any CPU
		{26422BB0-098A-42FA-9585-7499CE7567DF}.Debug|iPhoneSimulator.Deploy.0 = Debug|Any CPU
		{26422BB0-098A-42FA-9585-7499CE7567DF}.Debug|x86.ActiveCfg = Debug|Any CPU
		{26422BB0-098A-42FA-9585-7499CE7567DF}.Debug|x86.Build.0 = Debug|Any CPU
		{26422BB0-098A-42FA-9585-7499CE7567DF}.Debug|x86.Deploy.0 = Debug|Any CPU
		{26422BB0-098A-42FA-9585-7499CE7567DF}.Release|Any CPU.ActiveCfg = Release|Any CPU
		{26422BB0-098A-42FA-9585-7499CE7567DF}.Release|Any CPU.Build.0 = Release|Any CPU
		{26422BB0-098A-42FA-9585-7499CE7567DF}.Release|Any CPU.Deploy.0 = Release|Any CPU
		{26422BB0-098A-42FA-9585-7499CE7567DF}.Release|ARM.ActiveCfg = Release|Any CPU
		{26422BB0-098A-42FA-9585-7499CE7567DF}.Release|ARM.Build.0 = Release|Any CPU
		{26422BB0-098A-42FA-9585-7499CE7567DF}.Release|ARM.Deploy.0 = Release|Any CPU
		{26422BB0-098A-42FA-9585-7499CE7567DF}.Release|iPhone.ActiveCfg = Release|Any CPU
		{26422BB0-098A-42FA-9585-7499CE7567DF}.Release|iPhone.Build.0 = Release|Any CPU
		{26422BB0-098A-42FA-9585-7499CE7567DF}.Release|iPhone.Deploy.0 = Release|Any CPU
		{26422BB0-098A-42FA-9585-7499CE7567DF}.Release|iPhoneSimulator.ActiveCfg = Release|Any CPU
		{26422BB0-098A-42FA-9585-7499CE7567DF}.Release|iPhoneSimulator.Build.0 = Release|Any CPU
		{26422BB0-098A-42FA-9585-7499CE7567DF}.Release|iPhoneSimulator.Deploy.0 = Release|Any CPU
		{26422BB0-098A-42FA-9585-7499CE7567DF}.Release|x86.ActiveCfg = Release|Any CPU
		{26422BB0-098A-42FA-9585-7499CE7567DF}.Release|x86.Build.0 = Release|Any CPU
		{26422BB0-098A-42FA-9585-7499CE7567DF}.Release|x86.Deploy.0 = Release|Any CPU
	EndGlobalSection
	GlobalSection(SolutionProperties) = preSolution
		HideSolutionNode = FALSE
	EndGlobalSection
	GlobalSection(TeamFoundationVersionControl) = preSolution
		SccNumberOfProjects = 6
		SccEnterpriseProvider = {4CA58AB2-18FA-4F8D-95D4-32DDF27D184C}
		SccTeamFoundationServer = https://yavuzselimulucan.visualstudio.com/defaultcollection
		SccLocalPath0 = .
		SccProjectUniqueName1 = cerkes_haber\\cerkes_haber.Droid\\cerkes_haber.Droid.csproj
		SccProjectName1 = cerkes_haber/cerkes_haber.Droid
		SccLocalPath1 = cerkes_haber\\cerkes_haber.Droid
		SccProjectUniqueName2 = cerkes_haber\\cerkes_haber.iOS\\cerkes_haber.iOS.csproj
		SccProjectName2 = cerkes_haber/cerkes_haber.iOS
		SccLocalPath2 = cerkes_haber\\cerkes_haber.iOS
		SccProjectUniqueName3 = cerkes_haber\\cerkes_haber.WinPhone\\cerkes_haber.WinPhone.csproj
		SccProjectName3 = cerkes_haber/cerkes_haber.WinPhone
		SccLocalPath3 = cerkes_haber\\cerkes_haber.WinPhone
		SccProjectUniqueName4 = cerkes_haber\\cerkes_haber\\cerkes_haber.csproj
		SccProjectName4 = cerkes_haber/cerkes_haber
		SccLocalPath4 = cerkes_haber\\cerkes_haber
		SccProjectUniqueName5 = cerkesHaberDB\\cerkesHaberDB.sqlproj
		SccProjectName5 = cerkesHaberDB
		SccLocalPath5 = cerkesHaberDB
	EndGlobalSection
EndGlobal
